<Solution>
  <Folder Name="/src/" />
  <Folder Name="/src/Api/">
    <Project Path="src/Api/WebTemplate.Api.csproj" />
  </Folder>
  <Folder Name="/src/Core/">
    <Project Path="src/Core/WebTemplate.Core.csproj" />
  </Folder>
  <Folder Name="/src/Web/">
    <Project Path="src/Web/WebTemplate.Web.csproj" />
  </Folder>
  <Folder Name="/tests/">
    <Project Path="tests/WebTemplate.Harness/WebTemplate.Harness.csproj" />
  </Folder>
</Solution>
